
Microsoft Visual Studio Solution File, Format Version 10.00
# Visual Studio 2008
Project("{E24C65DC-7377-472B-9ABA-BC803B73C61A}") = "ICE08", "D:\ICE08\", "{E3210909-738C-4410-85C1-F64FC28325CD}"
	ProjectSection(WebsiteProperties) = preProject
		TargetFramework = "3.5"
		Debug.AspNetCompiler.VirtualPath = "/ICE08"
		Debug.AspNetCompiler.PhysicalPath = "D:\ICE08\"
		Debug.AspNetCompiler.TargetPath = "PrecompiledWeb\ICE08\"
		Debug.AspNetCompiler.Updateable = "true"
		Debug.AspNetCompiler.ForceOverwrite = "true"
		Debug.AspNetCompiler.FixedNames = "false"
		Debug.AspNetCompiler.Debug = "True"
		Release.AspNetCompiler.VirtualPath = "/ICE08"
		Release.AspNetCompiler.PhysicalPath = "D:\ICE08\"
		Release.AspNetCompiler.TargetPath = "PrecompiledWeb\ICE08\"
		Release.AspNetCompiler.Updateable = "true"
		Release.AspNetCompiler.ForceOverwrite = "true"
		Release.AspNetCompiler.FixedNames = "false"
		Release.AspNetCompiler.Debug = "False"
		VWDPort = "1100"
	EndProjectSection
EndProject
Global
	GlobalSection(SolutionConfigurationPlatforms) = preSolution
		Debug|.NET = Debug|.NET
	EndGlobalSection
	GlobalSection(ProjectConfigurationPlatforms) = postSolution
		{E3210909-738C-4410-85C1-F64FC28325CD}.Debug|.NET.ActiveCfg = Debug|.NET
		{E3210909-738C-4410-85C1-F64FC28325CD}.Debug|.NET.Build.0 = Debug|.NET
	EndGlobalSection
	GlobalSection(SolutionProperties) = preSolution
		HideSolutionNode = FALSE
	EndGlobalSection
EndGlobal
